github.com/FrogoAI/memory v0.0.0-20260120150654-ca52f307f29e h1:aZT5TP0a9jIT9jcGUM/Ij8OmFW4bgiIZ63eyvZXzN3g=
github.com/FrogoAI/memory v0.0.0-20260120150654-ca52f307f29e/go.mod h1:+sJshPWf+fOx1djlgYn07oMfUaTHQwgnscb49JeaGE8=
github.com/FrogoAI/multiproc v1.0.0 h1:QAJ+6ukf8/oe3rUl9KQSm6NfWhloFnh72JoO9Nc/+QE=
github.com/FrogoAI/multiproc v1.0.0/go.mod h1:tp6rwDSei3QnScda55CDuO62DufRa/I8RfkwFJ6Hx0U=
github.com/FrogoAI/set v1.1.0 h1:JwQ4VRkft/rqsIRdRwzWs15+ZdygMgZXJItsS8D48aQ=
github.com/FrogoAI/set v1.1.0/go.mod h1:76ROMaIbr/MwmKuOMcAtFTwnAYRy2Gc/5ME7mcahYcU=
github.com/FrogoAI/testutils v0.0.0-20260120234612-cf743e4bd16a h1:s7TBJ/CmoRKgfZ7y+mncdXT23dBhjQF1FJ6vs5cZAP8=
github.com/FrogoAI/testutils v0.0.0-20260120234612-cf743e4bd16a/go.mod h1:CTSciZSJpcuDcJh8RM9Pfp+Imb4GSHLEdkcXg/x+bZQ=
github.com/InsideGallery/core v1.2.1 h1:H2wPS+N8CqHF0U4oSjMv94QOHsrWbLJeRhpBLn2p/Yc=
github.com/InsideGallery/core v1.2.1/go.mod h1:n7Vd7Jr5tm6iHV66P+BiVP1/kqQxL6hchAWVSiPCY2A=
github.com/davecgh/go-spew v1.1.2-0.20180830191138-d8f796af33cc h1:U9qPSI2PIWSS1VwoXQT9A3Wy9MM3WgvqSxFWenqJduM=
github.com/davecgh/go-spew v1.1.2-0.20180830191138-d8f796af33cc/go.mod h1:J7Y8YcW2NihsgmVo/mv3lAwl/skON4iLHjSsI+c5H38=
github.com/ebitengine/gomobile v0.0.0-20250923094054-ea854a63cce1 h1:+kz5iTT3L7uU+VhlMfTb8hHcxLO3TlaELlX8wa4XjA0=
github.com/ebitengine/gomobile v0.0.0-20250923094054-ea854a63cce1/go.mod h1:lKJoeixeJwnFmYsBny4vvCJGVFc3aYDalhuDsfZzWHI=
github.com/ebitengine/hideconsole v1.0.0 h1:5J4U0kXF+pv/DhiXt5/lTz0eO5ogJ1iXb8Yj1yReDqE=
github.com/ebitengine/hideconsole v1.0.0/go.mod h1:hTTBTvVYWKBuxPr7peweneWdkUwEuHuB3C1R/ielR1A=
github.com/ebitengine/purego v0.9.0 h1:mh0zpKBIXDceC63hpvPuGLiJ8ZAa3DfrFTudmfi8A4k=
github.com/ebitengine/purego v0.9.0/go.mod h1:iIjxzd6CiRiOG0UyXP+V1+jWqUXVjPKLAI0mRfJZTmQ=
github.com/google/uuid v1.6.0 h1:NIvaJDMOsjHA8n1jAhLSgzrAzy1Hgr+hNrb57e+94F0=
github.com/google/uuid v1.6.0/go.mod h1:TIyPZe4MgqvfeYDBFedMoGGpEw/LqOeaOT+nhxU+yHo=
github.com/hajimehoshi/ebiten/v2 v2.9.9 h1:JdDag6Ndj12iD4lxQGG8kbsrh7ssj4Sbzth6r929H/M=
github.com/hajimehoshi/ebiten/v2 v2.9.9/go.mod h1:DAt4tnkYYpCvu3x9i1X/nK/vOruNXIlYq/tBXxnhrXM=
github.com/jezek/xgb v1.1.1 h1:bE/r8ZZtSv7l9gk6nU0mYx51aXrvnyb44892TwSaqS4=
github.com/jezek/xgb v1.1.1/go.mod h1:nrhwO0FX/enq75I7Y7G8iN1ubpSGZEiA3v9e9GyRFlk=
github.com/mfonda/simhash v0.0.0-20151007195837-79f94a1100d6 h1:bjfMeqxWEJ6IRUvGkiTkSwx0a6UdQJsbirRSoXogteY=
github.com/mfonda/simhash v0.0.0-20151007195837-79f94a1100d6/go.mod h1:WVJJvUw/pIOcwu2O8ZzHEhmigq2jzwRNfJVRMJB7bR8=
github.com/pkg/errors v0.9.1 h1:FEBLx1zS214owpjy7qsBeixbURkuhQAwrK5UwLGTwt4=
github.com/pkg/errors v0.9.1/go.mod h1:bwawxfHBFNV+L2hUp1rHADufV3IMtnDRdf1r5NINEl0=
github.com/pmezard/go-difflib v1.0.1-0.20181226105442-5d4384ee4fb2 h1:Jamvg5psRIccs7FGNTlIRMkT8wgtp5eCXdBlqhYGL6U=
github.com/pmezard/go-difflib v1.0.1-0.20181226105442-5d4384ee4fb2/go.mod h1:iKH77koFhYxTK1pcRnkKkqfTogsbg7gZNVY4sRDYZ/4=
github.com/sirbu/golang-common v0.0.0-20170403140351-21d4febd4bca h1:BabsdO2Orj0h9Bbj/3FfZ9uDjxP7VINvJ6CVo31a6EA=
github.com/sirbu/golang-common v0.0.0-20170403140351-21d4febd4bca/go.mod h1:3tONEydJ3mr9ZwyB0zag0KBkKrwbg3WmYfSsbNwuNtc=
github.com/spf13/cast v1.10.0 h1:h2x0u2shc1QuLHfxi+cTJvs30+ZAHOGRic8uyGTDWxY=
github.com/spf13/cast v1.10.0/go.mod h1:jNfB8QC9IA6ZuY2ZjDp0KtFO2LZZlg4S/7bzP6qqeHo=
github.com/stretchr/testify v1.11.1 h1:7s2iGBzp5EwR7/aIZr8ao5+dra3wiQyKjjFuvgVKu7U=
github.com/stretchr/testify v1.11.1/go.mod h1:wZwfW3scLgRK+23gO65QZefKpKQRnfz6sD981Nm4B6U=
github.com/twmb/murmur3 v1.1.8 h1:8Yt9taO/WN3l08xErzjeschgZU2QSrwm1kclYq+0aRg=
github.com/twmb/murmur3 v1.1.8/go.mod h1:Qq/R7NUyOfr65zD+6Q5IHKsJLwP7exErjN6lyyq3OSQ=
go.mongodb.org/mongo-driver v1.17.6 h1:87JUG1wZfWsr6rIz3ZmpH90rL5tea7O3IHuSwHUpsss=
go.mongodb.org/mongo-driver v1.17.6/go.mod h1:Hy04i7O2kC4RS06ZrhPRqj/u4DTYkFDAAccj+rVKqgQ=
golang.org/x/sync v0.19.0 h1:vV+1eWNmZ5geRlYjzm2adRgW2/mcpevXNg50YZtPCE4=
golang.org/x/sync v0.19.0/go.mod h1:9KTHXmSnoGruLpwFjVSX0lNNA75CykiMECbovNTZqGI=
golang.org/x/sys v0.42.0 h1:omrd2nAlyT5ESRdCLYdm3+fMfNFE/+Rf4bDIQImRJeo=
golang.org/x/sys v0.42.0/go.mod h1:4GL1E5IUh+htKOUEOaiffhrAeqysfVGipDYzABqnCmw=
golang.org/x/text v0.34.0 h1:oL/Qq0Kdaqxa1KbNeMKwQq0reLCCaFtqu2eNuSeNHbk=
golang.org/x/text v0.34.0/go.mod h1:homfLqTYRFyVYemLBFl5GgL/DWEiH5wcsQ5gSh1yziA=
gopkg.in/yaml.v3 v3.0.1 h1:fxVm/GzAzEWqLHuvctI91KS9hhNmmWOoWu0XTYJS7CA=
gopkg.in/yaml.v3 v3.0.1/go.mod h1:K4uyk7z7BCEPqu6E+C64Yfv1cQ7kz7rIZviUmN+EgEM=
